
Microsoft Visual Studio Solution File, Format Version 12.00
# Visual Studio Version 17
VisualStudioVersion = 17.8.34525.116
MinimumVisualStudioVersion = 10.0.40219.1
Project("{FAE04EC0-301F-11D3-BF4B-00C04F79EFBC}") = "GeorgeClintonAPI", "GeorgeClintonAPI\GeorgeClintonAPI.csproj", "{AAA561E7-8DF3-4354-AB58-60677E689B8E}"
EndProject
Project("{FAE04EC0-301F-11D3-BF4B-00C04F79EFBC}") = "Contracts", "Contracts\Contracts.csproj", "{82F37C93-716E-4D4A-8E1C-18BA5B4AFA6A}"
EndProject
Project("{FAE04EC0-301F-11D3-BF4B-00C04F79EFBC}") = "ResourceAccess", "ResourceAccess\ResourceAccess.csproj", "{61FEB14E-3639-47A8-96D9-6367F7F53115}"
EndProject
Global
	GlobalSection(SolutionConfigurationPlatforms) = preSolution
		Debug|Any CPU = Debug|Any CPU
		Release|Any CPU = Release|Any CPU
	EndGlobalSection
	GlobalSection(ProjectConfigurationPlatforms) = postSolution
		{AAA561E7-8DF3-4354-AB58-60677E689B8E}.Debug|Any CPU.ActiveCfg = Debug|Any CPU
		{AAA561E7-8DF3-4354-AB58-60677E689B8E}.Debug|Any CPU.Build.0 = Debug|Any CPU
		{AAA561E7-8DF3-4354-AB58-60677E689B8E}.Release|Any CPU.ActiveCfg = Release|Any CPU
		{AAA561E7-8DF3-4354-AB58-60677E689B8E}.Release|Any CPU.Build.0 = Release|Any CPU
		{82F37C93-716E-4D4A-8E1C-18BA5B4AFA6A}.Debug|Any CPU.ActiveCfg = Debug|Any CPU
		{82F37C93-716E-4D4A-8E1C-18BA5B4AFA6A}.Debug|Any CPU.Build.0 = Debug|Any CPU
		{82F37C93-716E-4D4A-8E1C-18BA5B4AFA6A}.Release|Any CPU.ActiveCfg = Release|Any CPU
		{82F37C93-716E-4D4A-8E1C-18BA5B4AFA6A}.Release|Any CPU.Build.0 = Release|Any CPU
		{61FEB14E-3639-47A8-96D9-6367F7F53115}.Debug|Any CPU.ActiveCfg = Debug|Any CPU
		{61FEB14E-3639-47A8-96D9-6367F7F53115}.Debug|Any CPU.Build.0 = Debug|Any CPU
		{61FEB14E-3639-47A8-96D9-6367F7F53115}.Release|Any CPU.ActiveCfg = Release|Any CPU
		{61FEB14E-3639-47A8-96D9-6367F7F53115}.Release|Any CPU.Build.0 = Release|Any CPU
	EndGlobalSection
	GlobalSection(SolutionProperties) = preSolution
		HideSolutionNode = FALSE
	EndGlobalSection
	GlobalSection(ExtensibilityGlobals) = postSolution
		SolutionGuid = {8D9C13BB-98A0-4E0C-B470-43828676D6A8}
	EndGlobalSection
EndGlobal
